
Microsoft Visual Studio Solution File, Format Version 12.00
# Visual Studio Version 16
VisualStudioVersion = 25.0.1703.3
MinimumVisualStudioVersion = 10.0.40219.1
Project("{FAE04EC0-301F-11D3-BF4B-00C04F79EFBC}") = "10.Invalid_Number", "10.Invalid_Number\10.Invalid_Number.csproj", "{FA9FF8DF-F6B8-459A-AA78-E1678D16DA1D}"
EndProject
Global
	GlobalSection(SolutionConfigurationPlatforms) = preSolution
		Debug|Any CPU = Debug|Any CPU
		Release|Any CPU = Release|Any CPU
	EndGlobalSection
	GlobalSection(ProjectConfigurationPlatforms) = postSolution
		{FA9FF8DF-F6B8-459A-AA78-E1678D16DA1D}.Debug|Any CPU.ActiveCfg = Debug|Any CPU
		{FA9FF8DF-F6B8-459A-AA78-E1678D16DA1D}.Debug|Any CPU.Build.0 = Debug|Any CPU
		{FA9FF8DF-F6B8-459A-AA78-E1678D16DA1D}.Release|Any CPU.ActiveCfg = Release|Any CPU
		{FA9FF8DF-F6B8-459A-AA78-E1678D16DA1D}.Release|Any CPU.Build.0 = Release|Any CPU
	EndGlobalSection
	GlobalSection(SolutionProperties) = preSolution
		HideSolutionNode = FALSE
	EndGlobalSection
	GlobalSection(ExtensibilityGlobals) = postSolution
		SolutionGuid = {92C0E669-9AEB-4688-B75E-655D598091DE}
	EndGlobalSection
EndGlobal
