
Microsoft Visual Studio Solution File, Format Version 12.00
# Visual Studio Version 16
VisualStudioVersion = 25.0.1703.3
MinimumVisualStudioVersion = 10.0.40219.1
Project("{FAE04EC0-301F-11D3-BF4B-00C04F79EFBC}") = "12.Trade_Commissions", "12.Trade_Commissions\12.Trade_Commissions.csproj", "{664B30F6-B90B-4B7B-8E98-8C2150CC3690}"
EndProject
Global
	GlobalSection(SolutionConfigurationPlatforms) = preSolution
		Debug|Any CPU = Debug|Any CPU
		Release|Any CPU = Release|Any CPU
	EndGlobalSection
	GlobalSection(ProjectConfigurationPlatforms) = postSolution
		{664B30F6-B90B-4B7B-8E98-8C2150CC3690}.Debug|Any CPU.ActiveCfg = Debug|Any CPU
		{664B30F6-B90B-4B7B-8E98-8C2150CC3690}.Debug|Any CPU.Build.0 = Debug|Any CPU
		{664B30F6-B90B-4B7B-8E98-8C2150CC3690}.Release|Any CPU.ActiveCfg = Release|Any CPU
		{664B30F6-B90B-4B7B-8E98-8C2150CC3690}.Release|Any CPU.Build.0 = Release|Any CPU
	EndGlobalSection
	GlobalSection(SolutionProperties) = preSolution
		HideSolutionNode = FALSE
	EndGlobalSection
	GlobalSection(ExtensibilityGlobals) = postSolution
		SolutionGuid = {57D1DBDA-663F-4BF9-BA8E-DD5321A250B7}
	EndGlobalSection
EndGlobal
