
Microsoft Visual Studio Solution File, Format Version 12.00
# Visual Studio Version 16
VisualStudioVersion = 25.0.1703.3
MinimumVisualStudioVersion = 10.0.40219.1
Project("{FAE04EC0-301F-11D3-BF4B-00C04F79EFBC}") = "08.Cinema_Ticket", "08.Cinema_Ticket\08.Cinema_Ticket.csproj", "{31E9A2D4-C11B-485A-8157-50149AB3520C}"
EndProject
Global
	GlobalSection(SolutionConfigurationPlatforms) = preSolution
		Debug|Any CPU = Debug|Any CPU
		Release|Any CPU = Release|Any CPU
	EndGlobalSection
	GlobalSection(ProjectConfigurationPlatforms) = postSolution
		{31E9A2D4-C11B-485A-8157-50149AB3520C}.Debug|Any CPU.ActiveCfg = Debug|Any CPU
		{31E9A2D4-C11B-485A-8157-50149AB3520C}.Debug|Any CPU.Build.0 = Debug|Any CPU
		{31E9A2D4-C11B-485A-8157-50149AB3520C}.Release|Any CPU.ActiveCfg = Release|Any CPU
		{31E9A2D4-C11B-485A-8157-50149AB3520C}.Release|Any CPU.Build.0 = Release|Any CPU
	EndGlobalSection
	GlobalSection(SolutionProperties) = preSolution
		HideSolutionNode = FALSE
	EndGlobalSection
	GlobalSection(ExtensibilityGlobals) = postSolution
		SolutionGuid = {9EB5DFB2-C2FA-46DB-A470-586082791900}
	EndGlobalSection
EndGlobal
